alembic==1.18.5
bcrypt==5.0.0
blinker==1.9.0
cachelib==0.17.0
cffi==2.1.1
click==8.3.3
cryptography==46.0.7
Deprecated==3.0.0
Flask==3.1.3
Flask-Limiter==4.1.1
Flask-Login==0.6.3
Flask-Session==0.8.0
Flask-WTF==1.2.2
greenlet==3.3.2
invoke==3.0.3
itsdangerous==2.2.0
Jinja2==3.1.6
ldap3==2.9.1
limits==5.8.0
Mako==1.4.3
markdown-it-py==4.2.0
MarkupSafe==3.0.3
mdurl==0.1.2
msgspec==0.22.0
netmiko==4.6.0
ntc_templates==9.3.0
ordered-set==4.1.0
packaging==26.3
paramiko==5.0.0
pillow==12.2.0
prometheus_client==0.25.0
prometheus_flask_exporter==0.23.2
psycopg2-binary==2.9.13
pyasn1==0.6.4
pycparser==3.0
Pygments==2.21.0
PyNaCl==1.6.2
pyotp==2.9.0
pyserial==3.5
python-dotenv==1.2.4
PyYAML==6.0.3
qrcode==8.2
redis==7.4.1
rich==15.0.0
ruamel.yaml==0.19.1
scp==0.16.1
SQLAlchemy==2.0.54
textfsm==2.1.0
typing_extensions==4.15.0
waitress==3.0.2
Werkzeug==3.1.9
wrapt==2.5.0
WTForms==3.2.2
